// !$*UTF8*$!
{
	archiveVersion = 1;
	classes = {
	};
	objectVersion = 50;
	objects = {

/* Begin PBXBuildFile section */
		02C392C921FEEE5800BF2EB9 /* AppDelegate.swift in Sources */ = {isa = PBXBuildFile; fileRef = 02C392C821FEEE5800BF2EB9 /* AppDelegate.swift */; };
		02C392CB21FEEE5800BF2EB9 /* ViewController.swift in Sources */ = {isa = PBXBuildFile; fileRef = 02C392CA21FEEE5800BF2EB9 /* ViewController.swift */; };
		02C392CE21FEEE5800BF2EB9 /* Main.storyboard in Resources */ = {isa = PBXBuildFile; fileRef = 02C392CC21FEEE5800BF2EB9 /* Main.storyboard */; };
		02C392D021FEEE5900BF2EB9 /* Assets.xcassets in Resources */ = {isa = PBXBuildFile; fileRef = 02C392CF21FEEE5900BF2EB9 /* Assets.xcassets */; };
		02C392D321FEEE5900BF2EB9 /* LaunchScreen.storyboard in Resources */ = {isa = PBXBuildFile; fileRef = 02C392D121FEEE5900BF2EB9 /* LaunchScreen.storyboard */; };
		EFE299C20D0B3969DB04792C /* Pods_LLAEasyButtonDemo.framework in Frameworks */ = {isa = PBXBuildFile; fileRef = D925298894C8B6C07E17D125 /* Pods_LLAEasyButtonDemo.framework */; };
/* End PBXBuildFile section */

/* Begin PBXFileReference section */
		02C392C521FEEE5800BF2EB9 /* LLAEasyButtonDemo.app */ = {isa = PBXFileReference; explicitFileType = wrapper.application; includeInIndex = 0; path = LLAEasyButtonDemo.app; sourceTree = BUILT_PRODUCTS_DIR; };
		02C392C821FEEE5800BF2EB9 /* AppDelegate.swift */ = {isa = PBXFileReference; lastKnownFileType = sourcecode.swift; path = AppDelegate.swift; sourceTree = "<group>"; };
		02C392CA21FEEE5800BF2EB9 /* ViewController.swift */ = {isa = PBXFileReference; lastKnownFileType = sourcecode.swift; path = ViewController.swift; sourceTree = "<group>"; };
		02C392CD21FEEE5800BF2EB9 /* Base */ = {isa = PBXFileReference; lastKnownFileType = file.storyboard; name = Base; path = Base.lproj/Main.storyboard; sourceTree = "<group>"; };
		02C392CF21FEEE5900BF2EB9 /* Assets.xcassets */ = {isa = PBXFileReference; lastKnownFileType = folder.assetcatalog; path = Assets.xcassets; sourceTree = "<group>"; };
		02C392D221FEEE5900BF2EB9 /* Base */ = {isa = PBXFileReference; lastKnownFileType = file.storyboard; name = Base; path = Base.lproj/LaunchScreen.storyboard; sourceTree = "<group>"; };
		02C392D421FEEE5900BF2EB9 /* Info.plist */ = {isa = PBXFileReference; lastKnownFileType = text.plist.xml; path = Info.plist; sourceTree = "<group>"; };
		0459D4149E0F859F8910FC94 /* Pods-LLAEasyButtonDemo.release.xcconfig */ = {isa = PBXFileReference; includeInIndex = 1; lastKnownFileType = text.xcconfig; name = "Pods-LLAEasyButtonDemo.release.xcconfig"; path = "Pods/Target Support Files/Pods-LLAEasyButtonDemo/Pods-LLAEasyButtonDemo.release.xcconfig"; sourceTree = "<group>"; };
		D925298894C8B6C07E17D125 /* Pods_LLAEasyButtonDemo.framework */ = {isa = PBXFileReference; explicitFileType = wrapper.framework; includeInIndex = 0; path = Pods_LLAEasyButtonDemo.framework; sourceTree = BUILT_PRODUCTS_DIR; };
		E002C58E95F3DAB5074B3033 /* Pods-LLAEasyButtonDemo.debug.xcconfig */ = {isa = PBXFileReference; includeInIndex = 1; lastKnownFileType = text.xcconfig; name = "Pods-LLAEasyButtonDemo.debug.xcconfig"; path = "Pods/Target Support Files/Pods-LLAEasyButtonDemo/Pods-LLAEasyButtonDemo.debug.xcconfig"; sourceTree = "<group>"; };
/* End PBXFileReference section */

/* Begin PBXFrameworksBuildPhase section */
		02C392C221FEEE5800BF2EB9 /* Frameworks */ = {
			isa = PBXFrameworksBuildPhase;
			buildActionMask = 2147483647;
			files = (
				EFE299C20D0B3969DB04792C /* Pods_LLAEasyButtonDemo.framework in Frameworks */,
			);
			runOnlyForDeploymentPostprocessing = 0;
		};
/* End PBXFrameworksBuildPhase section */

/* Begin PBXGroup section */
		02C392BC21FEEE5800BF2EB9 = {
			isa = PBXGroup;
			children = (
				02C392C721FEEE5800BF2EB9 /* LLAEasyButtonDemo */,
				02C392C621FEEE5800BF2EB9 /* Products */,
				C948A382DBF9317DABF7AE79 /* Pods */,
				A22506256A8C2C1EE29E7186 /* Frameworks */,
			);
			sourceTree = "<group>";
		};
		02C392C621FEEE5800BF2EB9 /* Products */ = {
			isa = PBXGroup;
			children = (
				02C392C521FEEE5800BF2EB9 /* LLAEasyButtonDemo.app */,
			);
			name = Products;
			sourceTree = "<group>";
		};
		02C392C721FEEE5800BF2EB9 /* LLAEasyButtonDemo */ = {
			isa = PBXGroup;
			children = (
				02C392C821FEEE5800BF2EB9 /* AppDelegate.swift */,
				02C392CA21FEEE5800BF2EB9 /* ViewController.swift */,
				02C392CF21FEEE5900BF2EB9 /* Assets.xcassets */,
				02C392CC21FEEE5800BF2EB9 /* Main.storyboard */,
				02C392D121FEEE5900BF2EB9 /* LaunchScreen.storyboard */,
				02C392D421FEEE5900BF2EB9 /* Info.plist */,
			);
			path = LLAEasyButtonDemo;
			sourceTree = "<group>";
		};
		A22506256A8C2C1EE29E7186 /* Frameworks */ = {
			isa = PBXGroup;
			children = (
				D925298894C8B6C07E17D125 /* Pods_LLAEasyButtonDemo.framework */,
			);
			name = Frameworks;
			sourceTree = "<group>";
		};
		C948A382DBF9317DABF7AE79 /* Pods */ = {
			isa = PBXGroup;
			children = (
				E002C58E95F3DAB5074B3033 /* Pods-LLAEasyButtonDemo.debug.xcconfig */,
				0459D4149E0F859F8910FC94 /* Pods-LLAEasyButtonDemo.release.xcconfig */,
			);
			name = Pods;
			sourceTree = "<group>";
		};
/* End PBXGroup section */

/* Begin PBXNativeTarget section */
		02C392C421FEEE5800BF2EB9 /* LLAEasyButtonDemo */ = {
			isa = PBXNativeTarget;
			buildConfigurationList = 02C392D721FEEE5900BF2EB9 /* Build configuration list for PBXNativeTarget "LLAEasyButtonDemo" */;
			buildPhases = (
				895F6FAA1DBC9FD1D8B328EC /* [CP] Check Pods Manifest.lock */,
				02C392C121FEEE5800BF2EB9 /* Sources */,
				02C392C221FEEE5800BF2EB9 /* Frameworks */,
				02C392C321FEEE5800BF2EB9 /* Resources */,
				C94F9F5E1C6BA6F4442753EB /* [CP] Embed Pods Frameworks */,
			);
			buildRules = (
			);
			dependencies = (
			);
			name = LLAEasyButtonDemo;
			productName = LLAEasyButtonDemo;
			productReference = 02C392C521FEEE5800BF2EB9 /* LLAEasyButtonDemo.app */;
			productType = "com.apple.product-type.application";
		};
/* End PBXNativeTarget section */

/* Begin PBXProject section */
		02C392BD21FEEE5800BF2EB9 /* Project object */ = {
			isa = PBXProject;
			attributes = {
				LastSwiftUpdateCheck = 1010;
				LastUpgradeCheck = 1010;
				ORGANIZATIONNAME = LLAEasyButtonDemo;
				TargetAttributes = {
					02C392C421FEEE5800BF2EB9 = {
						CreatedOnToolsVersion = 10.1;
						LastSwiftMigration = 1020;
					};
				};
			};
			buildConfigurationList = 02C392C021FEEE5800BF2EB9 /* Build configuration list for PBXProject "LLAEasyButtonDemo" */;
			compatibilityVersion = "Xcode 9.3";
			developmentRegion = en;
			hasScannedForEncodings = 0;
			knownRegions = (
				en,
				Base,
			);
			mainGroup = 02C392BC21FEEE5800BF2EB9;
			productRefGroup = 02C392C621FEEE5800BF2EB9 /* Products */;
			projectDirPath = "";
			projectRoot = "";
			targets = (
				02C392C421FEEE5800BF2EB9 /* LLAEasyButtonDemo */,
			);
		};
/* End PBXProject section */

/* Begin PBXResourcesBuildPhase section */
		02C392C321FEEE5800BF2EB9 /* Resources */ = {
			isa = PBXResourcesBuildPhase;
			buildActionMask = 2147483647;
			files = (
				02C392D321FEEE5900BF2EB9 /* LaunchScreen.storyboard in Resources */,
				02C392D021FEEE5900BF2EB9 /* Assets.xcassets in Resources */,
				02C392CE21FEEE5800BF2EB9 /* Main.storyboard in Resources */,
			);
			runOnlyForDeploymentPostprocessing = 0;
		};
/* End PBXResourcesBuildPhase section */

/* Begin PBXShellScriptBuildPhase section */
		895F6FAA1DBC9FD1D8B328EC /* [CP] Check Pods Manifest.lock */ = {
			isa = PBXShellScriptBuildPhase;
			buildActionMask = 2147483647;
			files = (
			);
			inputPaths = (
				"${PODS_PODFILE_DIR_PATH}/Podfile.lock",
				"${PODS_ROOT}/Manifest.lock",
			);
			name = "[CP] Check Pods Manifest.lock";
			outputPaths = (
				"$(DERIVED_FILE_DIR)/Pods-LLAEasyButtonDemo-checkManifestLockResult.txt",
			);
			runOnlyForDeploymentPostprocessing = 0;
			shellPath = /bin/sh;
			shellScript = "diff \"${PODS_PODFILE_DIR_PATH}/Podfile.lock\" \"${PODS_ROOT}/Manifest.lock\" > /dev/null\nif [ $? != 0 ] ; then\n    # print error to STDERR\n    echo \"error: The sandbox is not in sync with the Podfile.lock. Run 'pod install' or update your CocoaPods installation.\" >&2\n    exit 1\nfi\n# This output is used by Xcode 'outputs' to avoid re-running this script phase.\necho \"SUCCESS\" > \"${SCRIPT_OUTPUT_FILE_0}\"\n";
			showEnvVarsInLog = 0;
		};
		C94F9F5E1C6BA6F4442753EB /* [CP] Embed Pods Frameworks */ = {
			isa = PBXShellScriptBuildPhase;
			buildActionMask = 2147483647;
			files = (
			);
			inputFileListPaths = (
			);
			inputPaths = (
				"${PODS_ROOT}/Target Support Files/Pods-LLAEasyButtonDemo/Pods-LLAEasyButtonDemo-frameworks.sh",
				"${BUILT_PRODUCTS_DIR}/LLAEasyButton/LLAEasyButton.framework",
			);
			name = "[CP] Embed Pods Frameworks";
			outputFileListPaths = (
			);
			outputPaths = (
				"${TARGET_BUILD_DIR}/${FRAMEWORKS_FOLDER_PATH}/LLAEasyButton.framework",
			);
			runOnlyForDeploymentPostprocessing = 0;
			shellPath = /bin/sh;
			shellScript = "\"${PODS_ROOT}/Target Support Files/Pods-LLAEasyButtonDemo/Pods-LLAEasyButtonDemo-frameworks.sh\"\n";
			showEnvVarsInLog = 0;
		};
/* End PBXShellScriptBuildPhase section */

/* Begin PBXSourcesBuildPhase section */
		02C392C121FEEE5800BF2EB9 /* Sources */ = {
			isa = PBXSourcesBuildPhase;
			buildActionMask = 2147483647;
			files = (
				02C392CB21FEEE5800BF2EB9 /* ViewController.swift in Sources */,
				02C392C921FEEE5800BF2EB9 /* AppDelegate.swift in Sources */,
			);
			runOnlyForDeploymentPostprocessing = 0;
		};
/* End PBXSourcesBuildPhase section */

/* Begin PBXVariantGroup section */
		02C392CC21FEEE5800BF2EB9 /* Main.storyboard */ = {
			isa = PBXVariantGroup;
			children = (
				02C392CD21FEEE5800BF2EB9 /* Base */,
			);
			name = Main.storyboard;
			sourceTree = "<group>";
		};
		02C392D121FEEE5900BF2EB9 /* LaunchScreen.storyboard */ = {
			isa = PBXVariantGroup;
			children = (
				02C392D221FEEE5900BF2EB9 /* Base */,
			);
			name = LaunchScreen.storyboard;
			sourceTree = "<group>";
		};
/* End PBXVariantGroup section */

/* Begin XCBuildConfiguration section */
		02C392D521FEEE5900BF2EB9 /* Debug */ = {
			isa = XCBuildConfiguration;
			buildSettings = {
				ALWAYS_SEARCH_USER_PATHS = NO;
				CLANG_ANALYZER_NONNULL = YES;
				CLANG_ANALYZER_NUMBER_OBJECT_CONVERSION = YES_AGGRESSIVE;
				CLANG_CXX_LANGUAGE_STANDARD = "gnu++14";
				CLANG_CXX_LIBRARY = "libc++";
				CLANG_ENABLE_MODULES = YES;
				CLANG_ENABLE_OBJC_ARC = YES;
				CLANG_ENABLE_OBJC_WEAK = YES;
				CLANG_WARN_BLOCK_CAPTURE_AUTORELEASING = YES;
				CLANG_WARN_BOOL_CONVERSION = YES;
				CLANG_WARN_COMMA = YES;
				CLANG_WARN_CONSTANT_CONVERSION = YES;
				CLANG_WARN_DEPRECATED_OBJC_IMPLEMENTATIONS = YES;
				CLANG_WARN_DIRECT_OBJC_ISA_USAGE = YES_ERROR;
				CLANG_WARN_DOCUMENTATION_COMMENTS = YES;
				CLANG_WARN_EMPTY_BODY = YES;
				CLANG_WARN_ENUM_CONVERSION = YES;
				CLANG_WARN_INFINITE_RECURSION = YES;
				CLANG_WARN_INT_CONVERSION = YES;
				CLANG_WARN_NON_LITERAL_NULL_CONVERSION = YES;
				CLANG_WARN_OBJC_IMPLICIT_RETAIN_SELF = YES;
				CLANG_WARN_OBJC_LITERAL_CONVERSION = YES;
				CLANG_WARN_OBJC_ROOT_CLASS = YES_ERROR;
				CLANG_WARN_RANGE_LOOP_ANALYSIS = YES;
				CLANG_WARN_STRICT_PROTOTYPES = YES;
				CLANG_WARN_SUSPICIOUS_MOVE = YES;
				CLANG_WARN_UNGUARDED_AVAILABILITY = YES_AGGRESSIVE;
				CLANG_WARN_UNREACHABLE_CODE = YES;
				CLANG_WARN__DUPLICATE_METHOD_MATCH = YES;
				CODE_SIGN_IDENTITY = "iPhone Developer";
				COPY_PHASE_STRIP = NO;
				DEBUG_INFORMATION_FORMAT = dwarf;
				ENABLE_STRICT_OBJC_MSGSEND = YES;
				ENABLE_TESTABILITY = YES;
				GCC_C_LANGUAGE_STANDARD = gnu11;
				GCC_DYNAMIC_NO_PIC = NO;
				GCC_NO_COMMON_BLOCKS = YES;
				GCC_OPTIMIZATION_LEVEL = 0;
				GCC_PREPROCESSOR_DEFINITIONS = (
					"DEBUG=1",
					"$(inherited)",
				);
				GCC_WARN_64_TO_32_BIT_CONVERSION = YES;
				GCC_WARN_ABOUT_RETURN_TYPE = YES_ERROR;
				GCC_WARN_UNDECLARED_SELECTOR = YES;
				GCC_WARN_UNINITIALIZED_AUTOS = YES_AGGRESSIVE;
				GCC_WARN_UNUSED_FUNCTION = YES;
				GCC_WARN_UNUSED_VARIABLE = YES;
				IPHONEOS_DEPLOYMENT_TARGET = 12.1;
				MTL_ENABLE_DEBUG_INFO = INCLUDE_SOURCE;
				MTL_FAST_MATH = YES;
				ONLY_ACTIVE_ARCH = YES;
				SDKROOT = iphoneos;
				SWIFT_ACTIVE_COMPILATION_CONDITIONS = DEBUG;
				SWIFT_OPTIMIZATION_LEVEL = "-Onone";
			};
			name = Debug;
		};
		02C392D621FEEE5900BF2EB9 /* Release */ = {
			isa = XCBuildConfiguration;
			buildSettings = {
				ALWAYS_SEARCH_USER_PATHS = NO;
				CLANG_ANALYZER_NONNULL = YES;
				CLANG_ANALYZER_NUMBER_OBJECT_CONVERSION = YES_AGGRESSIVE;
				CLANG_CXX_LANGUAGE_STANDARD = "gnu++14";
				CLANG_CXX_LIBRARY = "libc++";
				CLANG_ENABLE_MODULES = YES;
				CLANG_ENABLE_OBJC_ARC = YES;
				CLANG_ENABLE_OBJC_WEAK = YES;
				CLANG_WARN_BLOCK_CAPTURE_AUTORELEASING = YES;
				CLANG_WARN_BOOL_CONVERSION = YES;
				CLANG_WARN_COMMA = YES;
				CLANG_WARN_CONSTANT_CONVERSION = YES;
				CLANG_WARN_DEPRECATED_OBJC_IMPLEMENTATIONS = YES;
				CLANG_WARN_DIRECT_OBJC_ISA_USAGE = YES_ERROR;
				CLANG_WARN_DOCUMENTATION_COMMENTS = YES;
				CLANG_WARN_EMPTY_BODY = YES;
				CLANG_WARN_ENUM_CONVERSION = YES;
				CLANG_WARN_INFINITE_RECURSION = YES;
				CLANG_WARN_INT_CONVERSION = YES;
				CLANG_WARN_NON_LITERAL_NULL_CONVERSION = YES;
				CLANG_WARN_OBJC_IMPLICIT_RETAIN_SELF = YES;
				CLANG_WARN_OBJC_LITERAL_CONVERSION = YES;
				CLANG_WARN_OBJC_ROOT_CLASS = YES_ERROR;
				CLANG_WARN_RANGE_LOOP_ANALYSIS = YES;
				CLANG_WARN_STRICT_PROTOTYPES = YES;
				CLANG_WARN_SUSPICIOUS_MOVE = YES;
				CLANG_WARN_UNGUARDED_AVAILABILITY = YES_AGGRESSIVE;
				CLANG_WARN_UNREACHABLE_CODE = YES;
				CLANG_WARN__DUPLICATE_METHOD_MATCH = YES;
				CODE_SIGN_IDENTITY = "iPhone Developer";
				COPY_PHASE_STRIP = NO;
				DEBUG_INFORMATION_FORMAT = "dwarf-with-dsym";
				ENABLE_NS_ASSERTIONS = NO;
				ENABLE_STRICT_OBJC_MSGSEND = YES;
				GCC_C_LANGUAGE_STANDARD = gnu11;
				GCC_NO_COMMON_BLOCKS = YES;
				GCC_WARN_64_TO_32_BIT_CONVERSION = YES;
				GCC_WARN_ABOUT_RETURN_TYPE = YES_ERROR;
				GCC_WARN_UNDECLARED_SELECTOR = YES;
				GCC_WARN_UNINITIALIZED_AUTOS = YES_AGGRESSIVE;
				GCC_WARN_UNUSED_FUNCTION = YES;
				GCC_WARN_UNUSED_VARIABLE = YES;
				IPHONEOS_DEPLOYMENT_TARGET = 12.1;
				MTL_ENABLE_DEBUG_INFO = NO;
				MTL_FAST_MATH = YES;
				SDKROOT = iphoneos;
				SWIFT_COMPILATION_MODE = wholemodule;
				SWIFT_OPTIMIZATION_LEVEL = "-O";
				VALIDATE_PRODUCT = YES;
			};
			name = Release;
		};
		02C392D821FEEE5900BF2EB9 /* Debug */ = {
			isa = XCBuildConfiguration;
			baseConfigurationReference = E002C58E95F3DAB5074B3033 /* Pods-LLAEasyButtonDemo.debug.xcconfig */;
			buildSettings = {
				ASSETCATALOG_COMPILER_APPICON_NAME = AppIcon;
				CODE_SIGN_STYLE = Automatic;
				INFOPLIST_FILE = LLAEasyButtonDemo/Info.plist;
				LD_RUNPATH_SEARCH_PATHS = (
					"$(inherited)",
					"@executable_path/Frameworks",
				);
				PRODUCT_BUNDLE_IDENTIFIER = com.LLAEasyButtonDemo.LLAEasyButtonDemo;
				PRODUCT_NAME = "$(TARGET_NAME)";
				SWIFT_VERSION = 5.0;
				TARGETED_DEVICE_FAMILY = "1,2";
			};
			name = Debug;
		};
		02C392D921FEEE5900BF2EB9 /* Release */ = {
			isa = XCBuildConfiguration;
			baseConfigurationReference = 0459D4149E0F859F8910FC94 /* Pods-LLAEasyButtonDemo.release.xcconfig */;
			buildSettings = {
				ASSETCATALOG_COMPILER_APPICON_NAME = AppIcon;
				CODE_SIGN_STYLE = Automatic;
				INFOPLIST_FILE = LLAEasyButtonDemo/Info.plist;
				LD_RUNPATH_SEARCH_PATHS = (
					"$(inherited)",
					"@executable_path/Frameworks",
				);
				PRODUCT_BUNDLE_IDENTIFIER = com.LLAEasyButtonDemo.LLAEasyButtonDemo;
				PRODUCT_NAME = "$(TARGET_NAME)";
				SWIFT_VERSION = 5.0;
				TARGETED_DEVICE_FAMILY = "1,2";
			};
			name = Release;
		};
/* End XCBuildConfiguration section */

/* Begin XCConfigurationList section */
		02C392C021FEEE5800BF2EB9 /* Build configuration list for PBXProject "LLAEasyButtonDemo" */ = {
			isa = XCConfigurationList;
			buildConfigurations = (
				02C392D521FEEE5900BF2EB9 /* Debug */,
				02C392D621FEEE5900BF2EB9 /* Release */,
			);
			defaultConfigurationIsVisible = 0;
			defaultConfigurationName = Release;
		};
		02C392D721FEEE5900BF2EB9 /* Build configuration list for PBXNativeTarget "LLAEasyButtonDemo" */ = {
			isa = XCConfigurationList;
			buildConfigurations = (
				02C392D821FEEE5900BF2EB9 /* Debug */,
				02C392D921FEEE5900BF2EB9 /* Release */,
			);
			defaultConfigurationIsVisible = 0;
			defaultConfigurationName = Release;
		};
/* End XCConfigurationList section */
	};
	rootObject = 02C392BD21FEEE5800BF2EB9 /* Project object */;
}
